
Microsoft Visual Studio Solution File, Format Version 12.00
Project("{FAE04EC0-301F-11D3-BF4B-00C04F79EFBC}") = "Api", "src\Api.csproj", "{A4A30EDB-B6A1-4887-AA4B-AF63062E8898}"
EndProject
Global
	GlobalSection(SolutionConfigurationPlatforms) = preSolution
		Debug|Any CPU = Debug|Any CPU
		Release|Any CPU = Release|Any CPU
	EndGlobalSection
	GlobalSection(ProjectConfigurationPlatforms) = postSolution
		{A4A30EDB-B6A1-4887-AA4B-AF63062E8898}.Debug|Any CPU.ActiveCfg = Debug|Any CPU
		{A4A30EDB-B6A1-4887-AA4B-AF63062E8898}.Debug|Any CPU.Build.0 = Debug|Any CPU
		{A4A30EDB-B6A1-4887-AA4B-AF63062E8898}.Release|Any CPU.ActiveCfg = Release|Any CPU
		{A4A30EDB-B6A1-4887-AA4B-AF63062E8898}.Release|Any CPU.Build.0 = Release|Any CPU
	EndGlobalSection
EndGlobal
